
Microsoft Visual Studio Solution File, Format Version 12.00
# Visual Studio Version 17
VisualStudioVersion = 17.8.34525.116
MinimumVisualStudioVersion = 10.0.40219.1
Project("{8BC9CEB8-8B4A-11D0-8D11-00A0C91BC942}") = "Merge_sort", "Merge_sort\Merge_sort.vcxproj", "{B216B07D-4BFC-4964-9CDB-FC3861B18873}"
EndProject
Global
	GlobalSection(SolutionConfigurationPlatforms) = preSolution
		Debug|x64 = Debug|x64
		Debug|x86 = Debug|x86
		Release|x64 = Release|x64
		Release|x86 = Release|x86
	EndGlobalSection
	GlobalSection(ProjectConfigurationPlatforms) = postSolution
		{B216B07D-4BFC-4964-9CDB-FC3861B18873}.Debug|x64.ActiveCfg = Debug|x64
		{B216B07D-4BFC-4964-9CDB-FC3861B18873}.Debug|x64.Build.0 = Debug|x64
		{B216B07D-4BFC-4964-9CDB-FC3861B18873}.Debug|x86.ActiveCfg = Debug|Win32
		{B216B07D-4BFC-4964-9CDB-FC3861B18873}.Debug|x86.Build.0 = Debug|Win32
		{B216B07D-4BFC-4964-9CDB-FC3861B18873}.Release|x64.ActiveCfg = Release|x64
		{B216B07D-4BFC-4964-9CDB-FC3861B18873}.Release|x64.Build.0 = Release|x64
		{B216B07D-4BFC-4964-9CDB-FC3861B18873}.Release|x86.ActiveCfg = Release|Win32
		{B216B07D-4BFC-4964-9CDB-FC3861B18873}.Release|x86.Build.0 = Release|Win32
	EndGlobalSection
	GlobalSection(SolutionProperties) = preSolution
		HideSolutionNode = FALSE
	EndGlobalSection
	GlobalSection(ExtensibilityGlobals) = postSolution
		SolutionGuid = {82399F30-4ED5-4276-8EF7-5DB5E98DC3BC}
	EndGlobalSection
EndGlobal
